// !$*UTF8*$!
{
	archiveVersion = 1;
	classes = {
	};
	objectVersion = 56;
	objects = {

/* Begin PBXBuildFile section */
		7A3A3A4D2C4B11500030F572 /* TimeConversionApp.swift in Sources */ = {isa = PBXBuildFile; fileRef = 7A3A3A4C2C4B11500030F572 /* TimeConversionApp.swift */; };
		7A3A3A4F2C4B11500030F572 /* ContentView.swift in Sources */ = {isa = PBXBuildFile; fileRef = 7A3A3A4E2C4B11500030F572 /* ContentView.swift */; };
		7A3A3A512C4B11510030F572 /* Assets.xcassets in Resources */ = {isa = PBXBuildFile; fileRef = 7A3A3A502C4B11510030F572 /* Assets.xcassets */; };
		7A3A3A552C4B11510030F572 /* Preview Assets.xcassets in Resources */ = {isa = PBXBuildFile; fileRef = 7A3A3A542C4B11510030F572 /* Preview Assets.xcassets */; };
		7A3A3A5F2C4B11510030F572 /* TimeConversionTests.swift in Sources */ = {isa = PBXBuildFile; fileRef = 7A3A3A5E2C4B11510030F572 /* TimeConversionTests.swift */; };
		7A3A3A692C4B11510030F572 /* TimeConversionUITests.swift in Sources */ = {isa = PBXBuildFile; fileRef = 7A3A3A682C4B11510030F572 /* TimeConversionUITests.swift */; };
		7A3A3A6B2C4B11510030F572 /* TimeConversionUITestsLaunchTests.swift in Sources */ = {isa = PBXBuildFile; fileRef = 7A3A3A6A2C4B11510030F572 /* TimeConversionUITestsLaunchTests.swift */; };
		7A3A3A7A2C4B11EC0030F572 /* Converter.swift in Sources */ = {isa = PBXBuildFile; fileRef = 7A3A3A792C4B11EC0030F572 /* Converter.swift */; };
		7A3A3A7C2C4B12110030F572 /* ConverterTests.swift in Sources */ = {isa = PBXBuildFile; fileRef = 7A3A3A7B2C4B12110030F572 /* ConverterTests.swift */; };
/* End PBXBuildFile section */

/* Begin PBXContainerItemProxy section */
		7A3A3A5B2C4B11510030F572 /* PBXContainerItemProxy */ = {
			isa = PBXContainerItemProxy;
			containerPortal = 7A3A3A412C4B11500030F572 /* Project object */;
			proxyType = 1;
			remoteGlobalIDString = 7A3A3A482C4B11500030F572;
			remoteInfo = TimeConversion;
		};
		7A3A3A652C4B11510030F572 /* PBXContainerItemProxy */ = {
			isa = PBXContainerItemProxy;
			containerPortal = 7A3A3A412C4B11500030F572 /* Project object */;
			proxyType = 1;
			remoteGlobalIDString = 7A3A3A482C4B11500030F572;
			remoteInfo = TimeConversion;
		};
/* End PBXContainerItemProxy section */

/* Begin PBXFileReference section */
		7A3A3A492C4B11500030F572 /* TimeConversion.app */ = {isa = PBXFileReference; explicitFileType = wrapper.application; includeInIndex = 0; path = TimeConversion.app; sourceTree = BUILT_PRODUCTS_DIR; };
		7A3A3A4C2C4B11500030F572 /* TimeConversionApp.swift */ = {isa = PBXFileReference; lastKnownFileType = sourcecode.swift; path = TimeConversionApp.swift; sourceTree = "<group>"; };
		7A3A3A4E2C4B11500030F572 /* ContentView.swift */ = {isa = PBXFileReference; lastKnownFileType = sourcecode.swift; path = ContentView.swift; sourceTree = "<group>"; };
		7A3A3A502C4B11510030F572 /* Assets.xcassets */ = {isa = PBXFileReference; lastKnownFileType = folder.assetcatalog; path = Assets.xcassets; sourceTree = "<group>"; };
		7A3A3A522C4B11510030F572 /* TimeConversion.entitlements */ = {isa = PBXFileReference; lastKnownFileType = text.plist.entitlements; path = TimeConversion.entitlements; sourceTree = "<group>"; };
		7A3A3A542C4B11510030F572 /* Preview Assets.xcassets */ = {isa = PBXFileReference; lastKnownFileType = folder.assetcatalog; path = "Preview Assets.xcassets"; sourceTree = "<group>"; };
		7A3A3A5A2C4B11510030F572 /* TimeConversionTests.xctest */ = {isa = PBXFileReference; explicitFileType = wrapper.cfbundle; includeInIndex = 0; path = TimeConversionTests.xctest; sourceTree = BUILT_PRODUCTS_DIR; };
		7A3A3A5E2C4B11510030F572 /* TimeConversionTests.swift */ = {isa = PBXFileReference; lastKnownFileType = sourcecode.swift; path = TimeConversionTests.swift; sourceTree = "<group>"; };
		7A3A3A642C4B11510030F572 /* TimeConversionUITests.xctest */ = {isa = PBXFileReference; explicitFileType = wrapper.cfbundle; includeInIndex = 0; path = TimeConversionUITests.xctest; sourceTree = BUILT_PRODUCTS_DIR; };
		7A3A3A682C4B11510030F572 /* TimeConversionUITests.swift */ = {isa = PBXFileReference; lastKnownFileType = sourcecode.swift; path = TimeConversionUITests.swift; sourceTree = "<group>"; };
		7A3A3A6A2C4B11510030F572 /* TimeConversionUITestsLaunchTests.swift */ = {isa = PBXFileReference; lastKnownFileType = sourcecode.swift; path = TimeConversionUITestsLaunchTests.swift; sourceTree = "<group>"; };
		7A3A3A792C4B11EC0030F572 /* Converter.swift */ = {isa = PBXFileReference; lastKnownFileType = sourcecode.swift; path = Converter.swift; sourceTree = "<group>"; };
		7A3A3A7B2C4B12110030F572 /* ConverterTests.swift */ = {isa = PBXFileReference; lastKnownFileType = sourcecode.swift; path = ConverterTests.swift; sourceTree = "<group>"; };
/* End PBXFileReference section */

/* Begin PBXFrameworksBuildPhase section */
		7A3A3A462C4B11500030F572 /* Frameworks */ = {
			isa = PBXFrameworksBuildPhase;
			buildActionMask = 2147483647;
			files = (
			);
			runOnlyForDeploymentPostprocessing = 0;
		};
		7A3A3A572C4B11510030F572 /* Frameworks */ = {
			isa = PBXFrameworksBuildPhase;
			buildActionMask = 2147483647;
			files = (
			);
			runOnlyForDeploymentPostprocessing = 0;
		};
		7A3A3A612C4B11510030F572 /* Frameworks */ = {
			isa = PBXFrameworksBuildPhase;
			buildActionMask = 2147483647;
			files = (
			);
			runOnlyForDeploymentPostprocessing = 0;
		};
/* End PBXFrameworksBuildPhase section */

/* Begin PBXGroup section */
		7A3A3A402C4B11500030F572 = {
			isa = PBXGroup;
			children = (
				7A3A3A4B2C4B11500030F572 /* TimeConversion */,
				7A3A3A5D2C4B11510030F572 /* TimeConversionTests */,
				7A3A3A672C4B11510030F572 /* TimeConversionUITests */,
				7A3A3A4A2C4B11500030F572 /* Products */,
			);
			sourceTree = "<group>";
		};
		7A3A3A4A2C4B11500030F572 /* Products */ = {
			isa = PBXGroup;
			children = (
				7A3A3A492C4B11500030F572 /* TimeConversion.app */,
				7A3A3A5A2C4B11510030F572 /* TimeConversionTests.xctest */,
				7A3A3A642C4B11510030F572 /* TimeConversionUITests.xctest */,
			);
			name = Products;
			sourceTree = "<group>";
		};
		7A3A3A4B2C4B11500030F572 /* TimeConversion */ = {
			isa = PBXGroup;
			children = (
				7A3A3A772C4B11BD0030F572 /* Converter */,
				7A3A3A4C2C4B11500030F572 /* TimeConversionApp.swift */,
				7A3A3A4E2C4B11500030F572 /* ContentView.swift */,
				7A3A3A502C4B11510030F572 /* Assets.xcassets */,
				7A3A3A522C4B11510030F572 /* TimeConversion.entitlements */,
				7A3A3A532C4B11510030F572 /* Preview Content */,
			);
			path = TimeConversion;
			sourceTree = "<group>";
		};
		7A3A3A532C4B11510030F572 /* Preview Content */ = {
			isa = PBXGroup;
			children = (
				7A3A3A542C4B11510030F572 /* Preview Assets.xcassets */,
			);
			path = "Preview Content";
			sourceTree = "<group>";
		};
		7A3A3A5D2C4B11510030F572 /* TimeConversionTests */ = {
			isa = PBXGroup;
			children = (
				7A3A3A782C4B11C50030F572 /* Converter */,
				7A3A3A5E2C4B11510030F572 /* TimeConversionTests.swift */,
			);
			path = TimeConversionTests;
			sourceTree = "<group>";
		};
		7A3A3A672C4B11510030F572 /* TimeConversionUITests */ = {
			isa = PBXGroup;
			children = (
				7A3A3A682C4B11510030F572 /* TimeConversionUITests.swift */,
				7A3A3A6A2C4B11510030F572 /* TimeConversionUITestsLaunchTests.swift */,
			);
			path = TimeConversionUITests;
			sourceTree = "<group>";
		};
		7A3A3A772C4B11BD0030F572 /* Converter */ = {
			isa = PBXGroup;
			children = (
				7A3A3A792C4B11EC0030F572 /* Converter.swift */,
			);
			path = Converter;
			sourceTree = "<group>";
		};
		7A3A3A782C4B11C50030F572 /* Converter */ = {
			isa = PBXGroup;
			children = (
				7A3A3A7B2C4B12110030F572 /* ConverterTests.swift */,
			);
			path = Converter;
			sourceTree = "<group>";
		};
/* End PBXGroup section */

/* Begin PBXNativeTarget section */
		7A3A3A482C4B11500030F572 /* TimeConversion */ = {
			isa = PBXNativeTarget;
			buildConfigurationList = 7A3A3A6E2C4B11510030F572 /* Build configuration list for PBXNativeTarget "TimeConversion" */;
			buildPhases = (
				7A3A3A452C4B11500030F572 /* Sources */,
				7A3A3A462C4B11500030F572 /* Frameworks */,
				7A3A3A472C4B11500030F572 /* Resources */,
			);
			buildRules = (
			);
			dependencies = (
			);
			name = TimeConversion;
			productName = TimeConversion;
			productReference = 7A3A3A492C4B11500030F572 /* TimeConversion.app */;
			productType = "com.apple.product-type.application";
		};
		7A3A3A592C4B11510030F572 /* TimeConversionTests */ = {
			isa = PBXNativeTarget;
			buildConfigurationList = 7A3A3A712C4B11510030F572 /* Build configuration list for PBXNativeTarget "TimeConversionTests" */;
			buildPhases = (
				7A3A3A562C4B11510030F572 /* Sources */,
				7A3A3A572C4B11510030F572 /* Frameworks */,
				7A3A3A582C4B11510030F572 /* Resources */,
			);
			buildRules = (
			);
			dependencies = (
				7A3A3A5C2C4B11510030F572 /* PBXTargetDependency */,
			);
			name = TimeConversionTests;
			productName = TimeConversionTests;
			productReference = 7A3A3A5A2C4B11510030F572 /* TimeConversionTests.xctest */;
			productType = "com.apple.product-type.bundle.unit-test";
		};
		7A3A3A632C4B11510030F572 /* TimeConversionUITests */ = {
			isa = PBXNativeTarget;
			buildConfigurationList = 7A3A3A742C4B11510030F572 /* Build configuration list for PBXNativeTarget "TimeConversionUITests" */;
			buildPhases = (
				7A3A3A602C4B11510030F572 /* Sources */,
				7A3A3A612C4B11510030F572 /* Frameworks */,
				7A3A3A622C4B11510030F572 /* Resources */,
			);
			buildRules = (
			);
			dependencies = (
				7A3A3A662C4B11510030F572 /* PBXTargetDependency */,
			);
			name = TimeConversionUITests;
			productName = TimeConversionUITests;
			productReference = 7A3A3A642C4B11510030F572 /* TimeConversionUITests.xctest */;
			productType = "com.apple.product-type.bundle.ui-testing";
		};
/* End PBXNativeTarget section */

/* Begin PBXProject section */
		7A3A3A412C4B11500030F572 /* Project object */ = {
			isa = PBXProject;
			attributes = {
				BuildIndependentTargetsInParallel = 1;
				LastSwiftUpdateCheck = 1540;
				LastUpgradeCheck = 1540;
				TargetAttributes = {
					7A3A3A482C4B11500030F572 = {
						CreatedOnToolsVersion = 15.4;
					};
					7A3A3A592C4B11510030F572 = {
						CreatedOnToolsVersion = 15.4;
						TestTargetID = 7A3A3A482C4B11500030F572;
					};
					7A3A3A632C4B11510030F572 = {
						CreatedOnToolsVersion = 15.4;
						TestTargetID = 7A3A3A482C4B11500030F572;
					};
				};
			};
			buildConfigurationList = 7A3A3A442C4B11500030F572 /* Build configuration list for PBXProject "TimeConversion" */;
			compatibilityVersion = "Xcode 14.0";
			developmentRegion = en;
			hasScannedForEncodings = 0;
			knownRegions = (
				en,
				Base,
			);
			mainGroup = 7A3A3A402C4B11500030F572;
			productRefGroup = 7A3A3A4A2C4B11500030F572 /* Products */;
			projectDirPath = "";
			projectRoot = "";
			targets = (
				7A3A3A482C4B11500030F572 /* TimeConversion */,
				7A3A3A592C4B11510030F572 /* TimeConversionTests */,
				7A3A3A632C4B11510030F572 /* TimeConversionUITests */,
			);
		};
/* End PBXProject section */

/* Begin PBXResourcesBuildPhase section */
		7A3A3A472C4B11500030F572 /* Resources */ = {
			isa = PBXResourcesBuildPhase;
			buildActionMask = 2147483647;
			files = (
				7A3A3A552C4B11510030F572 /* Preview Assets.xcassets in Resources */,
				7A3A3A512C4B11510030F572 /* Assets.xcassets in Resources */,
			);
			runOnlyForDeploymentPostprocessing = 0;
		};
		7A3A3A582C4B11510030F572 /* Resources */ = {
			isa = PBXResourcesBuildPhase;
			buildActionMask = 2147483647;
			files = (
			);
			runOnlyForDeploymentPostprocessing = 0;
		};
		7A3A3A622C4B11510030F572 /* Resources */ = {
			isa = PBXResourcesBuildPhase;
			buildActionMask = 2147483647;
			files = (
			);
			runOnlyForDeploymentPostprocessing = 0;
		};
/* End PBXResourcesBuildPhase section */

/* Begin PBXSourcesBuildPhase section */
		7A3A3A452C4B11500030F572 /* Sources */ = {
			isa = PBXSourcesBuildPhase;
			buildActionMask = 2147483647;
			files = (
				7A3A3A4F2C4B11500030F572 /* ContentView.swift in Sources */,
				7A3A3A7A2C4B11EC0030F572 /* Converter.swift in Sources */,
				7A3A3A4D2C4B11500030F572 /* TimeConversionApp.swift in Sources */,
			);
			runOnlyForDeploymentPostprocessing = 0;
		};
		7A3A3A562C4B11510030F572 /* Sources */ = {
			isa = PBXSourcesBuildPhase;
			buildActionMask = 2147483647;
			files = (
				7A3A3A7C2C4B12110030F572 /* ConverterTests.swift in Sources */,
				7A3A3A5F2C4B11510030F572 /* TimeConversionTests.swift in Sources */,
			);
			runOnlyForDeploymentPostprocessing = 0;
		};
		7A3A3A602C4B11510030F572 /* Sources */ = {
			isa = PBXSourcesBuildPhase;
			buildActionMask = 2147483647;
			files = (
				7A3A3A692C4B11510030F572 /* TimeConversionUITests.swift in Sources */,
				7A3A3A6B2C4B11510030F572 /* TimeConversionUITestsLaunchTests.swift in Sources */,
			);
			runOnlyForDeploymentPostprocessing = 0;
		};
/* End PBXSourcesBuildPhase section */

/* Begin PBXTargetDependency section */
		7A3A3A5C2C4B11510030F572 /* PBXTargetDependency */ = {
			isa = PBXTargetDependency;
			target = 7A3A3A482C4B11500030F572 /* TimeConversion */;
			targetProxy = 7A3A3A5B2C4B11510030F572 /* PBXContainerItemProxy */;
		};
		7A3A3A662C4B11510030F572 /* PBXTargetDependency */ = {
			isa = PBXTargetDependency;
			target = 7A3A3A482C4B11500030F572 /* TimeConversion */;
			targetProxy = 7A3A3A652C4B11510030F572 /* PBXContainerItemProxy */;
		};
/* End PBXTargetDependency section */

/* Begin XCBuildConfiguration section */
		7A3A3A6C2C4B11510030F572 /* Debug */ = {
			isa = XCBuildConfiguration;
			buildSettings = {
				ALWAYS_SEARCH_USER_PATHS = NO;
				ASSETCATALOG_COMPILER_GENERATE_SWIFT_ASSET_SYMBOL_EXTENSIONS = YES;
				CLANG_ANALYZER_NONNULL = YES;
				CLANG_ANALYZER_NUMBER_OBJECT_CONVERSION = YES_AGGRESSIVE;
				CLANG_CXX_LANGUAGE_STANDARD = "gnu++20";
				CLANG_ENABLE_MODULES = YES;
				CLANG_ENABLE_OBJC_ARC = YES;
				CLANG_ENABLE_OBJC_WEAK = YES;
				CLANG_WARN_BLOCK_CAPTURE_AUTORELEASING = YES;
				CLANG_WARN_BOOL_CONVERSION = YES;
				CLANG_WARN_COMMA = YES;
				CLANG_WARN_CONSTANT_CONVERSION = YES;
				CLANG_WARN_DEPRECATED_OBJC_IMPLEMENTATIONS = YES;
				CLANG_WARN_DIRECT_OBJC_ISA_USAGE = YES_ERROR;
				CLANG_WARN_DOCUMENTATION_COMMENTS = YES;
				CLANG_WARN_EMPTY_BODY = YES;
				CLANG_WARN_ENUM_CONVERSION = YES;
				CLANG_WARN_INFINITE_RECURSION = YES;
				CLANG_WARN_INT_CONVERSION = YES;
				CLANG_WARN_NON_LITERAL_NULL_CONVERSION = YES;
				CLANG_WARN_OBJC_IMPLICIT_RETAIN_SELF = YES;
				CLANG_WARN_OBJC_LITERAL_CONVERSION = YES;
				CLANG_WARN_OBJC_ROOT_CLASS = YES_ERROR;
				CLANG_WARN_QUOTED_INCLUDE_IN_FRAMEWORK_HEADER = YES;
				CLANG_WARN_RANGE_LOOP_ANALYSIS = YES;
				CLANG_WARN_STRICT_PROTOTYPES = YES;
				CLANG_WARN_SUSPICIOUS_MOVE = YES;
				CLANG_WARN_UNGUARDED_AVAILABILITY = YES_AGGRESSIVE;
				CLANG_WARN_UNREACHABLE_CODE = YES;
				CLANG_WARN__DUPLICATE_METHOD_MATCH = YES;
				COPY_PHASE_STRIP = NO;
				DEBUG_INFORMATION_FORMAT = dwarf;
				ENABLE_STRICT_OBJC_MSGSEND = YES;
				ENABLE_TESTABILITY = YES;
				ENABLE_USER_SCRIPT_SANDBOXING = YES;
				GCC_C_LANGUAGE_STANDARD = gnu17;
				GCC_DYNAMIC_NO_PIC = NO;
				GCC_NO_COMMON_BLOCKS = YES;
				GCC_OPTIMIZATION_LEVEL = 0;
				GCC_PREPROCESSOR_DEFINITIONS = (
					"DEBUG=1",
					"$(inherited)",
				);
				GCC_WARN_64_TO_32_BIT_CONVERSION = YES;
				GCC_WARN_ABOUT_RETURN_TYPE = YES_ERROR;
				GCC_WARN_UNDECLARED_SELECTOR = YES;
				GCC_WARN_UNINITIALIZED_AUTOS = YES_AGGRESSIVE;
				GCC_WARN_UNUSED_FUNCTION = YES;
				GCC_WARN_UNUSED_VARIABLE = YES;
				LOCALIZATION_PREFERS_STRING_CATALOGS = YES;
				MTL_ENABLE_DEBUG_INFO = INCLUDE_SOURCE;
				MTL_FAST_MATH = YES;
				ONLY_ACTIVE_ARCH = YES;
				SWIFT_ACTIVE_COMPILATION_CONDITIONS = "DEBUG $(inherited)";
				SWIFT_OPTIMIZATION_LEVEL = "-Onone";
			};
			name = Debug;
		};
		7A3A3A6D2C4B11510030F572 /* Release */ = {
			isa = XCBuildConfiguration;
			buildSettings = {
				ALWAYS_SEARCH_USER_PATHS = NO;
				ASSETCATALOG_COMPILER_GENERATE_SWIFT_ASSET_SYMBOL_EXTENSIONS = YES;
				CLANG_ANALYZER_NONNULL = YES;
				CLANG_ANALYZER_NUMBER_OBJECT_CONVERSION = YES_AGGRESSIVE;
				CLANG_CXX_LANGUAGE_STANDARD = "gnu++20";
				CLANG_ENABLE_MODULES = YES;
				CLANG_ENABLE_OBJC_ARC = YES;
				CLANG_ENABLE_OBJC_WEAK = YES;
				CLANG_WARN_BLOCK_CAPTURE_AUTORELEASING = YES;
				CLANG_WARN_BOOL_CONVERSION = YES;
				CLANG_WARN_COMMA = YES;
				CLANG_WARN_CONSTANT_CONVERSION = YES;
				CLANG_WARN_DEPRECATED_OBJC_IMPLEMENTATIONS = YES;
				CLANG_WARN_DIRECT_OBJC_ISA_USAGE = YES_ERROR;
				CLANG_WARN_DOCUMENTATION_COMMENTS = YES;
				CLANG_WARN_EMPTY_BODY = YES;
				CLANG_WARN_ENUM_CONVERSION = YES;
				CLANG_WARN_INFINITE_RECURSION = YES;
				CLANG_WARN_INT_CONVERSION = YES;
				CLANG_WARN_NON_LITERAL_NULL_CONVERSION = YES;
				CLANG_WARN_OBJC_IMPLICIT_RETAIN_SELF = YES;
				CLANG_WARN_OBJC_LITERAL_CONVERSION = YES;
				CLANG_WARN_OBJC_ROOT_CLASS = YES_ERROR;
				CLANG_WARN_QUOTED_INCLUDE_IN_FRAMEWORK_HEADER = YES;
				CLANG_WARN_RANGE_LOOP_ANALYSIS = YES;
				CLANG_WARN_STRICT_PROTOTYPES = YES;
				CLANG_WARN_SUSPICIOUS_MOVE = YES;
				CLANG_WARN_UNGUARDED_AVAILABILITY = YES_AGGRESSIVE;
				CLANG_WARN_UNREACHABLE_CODE = YES;
				CLANG_WARN__DUPLICATE_METHOD_MATCH = YES;
				COPY_PHASE_STRIP = NO;
				DEBUG_INFORMATION_FORMAT = "dwarf-with-dsym";
				ENABLE_NS_ASSERTIONS = NO;
				ENABLE_STRICT_OBJC_MSGSEND = YES;
				ENABLE_USER_SCRIPT_SANDBOXING = YES;
				GCC_C_LANGUAGE_STANDARD = gnu17;
				GCC_NO_COMMON_BLOCKS = YES;
				GCC_WARN_64_TO_32_BIT_CONVERSION = YES;
				GCC_WARN_ABOUT_RETURN_TYPE = YES_ERROR;
				GCC_WARN_UNDECLARED_SELECTOR = YES;
				GCC_WARN_UNINITIALIZED_AUTOS = YES_AGGRESSIVE;
				GCC_WARN_UNUSED_FUNCTION = YES;
				GCC_WARN_UNUSED_VARIABLE = YES;
				LOCALIZATION_PREFERS_STRING_CATALOGS = YES;
				MTL_ENABLE_DEBUG_INFO = NO;
				MTL_FAST_MATH = YES;
				SWIFT_COMPILATION_MODE = wholemodule;
			};
			name = Release;
		};
		7A3A3A6F2C4B11510030F572 /* Debug */ = {
			isa = XCBuildConfiguration;
			buildSettings = {
				ASSETCATALOG_COMPILER_APPICON_NAME = AppIcon;
				ASSETCATALOG_COMPILER_GLOBAL_ACCENT_COLOR_NAME = AccentColor;
				CODE_SIGN_ENTITLEMENTS = TimeConversion/TimeConversion.entitlements;
				CODE_SIGN_STYLE = Automatic;
				CURRENT_PROJECT_VERSION = 1;
				DEVELOPMENT_ASSET_PATHS = "\"TimeConversion/Preview Content\"";
				ENABLE_PREVIEWS = YES;
				GENERATE_INFOPLIST_FILE = YES;
				"INFOPLIST_KEY_UIApplicationSceneManifest_Generation[sdk=iphoneos*]" = YES;
				"INFOPLIST_KEY_UIApplicationSceneManifest_Generation[sdk=iphonesimulator*]" = YES;
				"INFOPLIST_KEY_UIApplicationSupportsIndirectInputEvents[sdk=iphoneos*]" = YES;
				"INFOPLIST_KEY_UIApplicationSupportsIndirectInputEvents[sdk=iphonesimulator*]" = YES;
				"INFOPLIST_KEY_UILaunchScreen_Generation[sdk=iphoneos*]" = YES;
				"INFOPLIST_KEY_UILaunchScreen_Generation[sdk=iphonesimulator*]" = YES;
				"INFOPLIST_KEY_UIStatusBarStyle[sdk=iphoneos*]" = UIStatusBarStyleDefault;
				"INFOPLIST_KEY_UIStatusBarStyle[sdk=iphonesimulator*]" = UIStatusBarStyleDefault;
				INFOPLIST_KEY_UISupportedInterfaceOrientations_iPad = "UIInterfaceOrientationPortrait UIInterfaceOrientationPortraitUpsideDown UIInterfaceOrientationLandscapeLeft UIInterfaceOrientationLandscapeRight";
				INFOPLIST_KEY_UISupportedInterfaceOrientations_iPhone = "UIInterfaceOrientationPortrait UIInterfaceOrientationLandscapeLeft UIInterfaceOrientationLandscapeRight";
				IPHONEOS_DEPLOYMENT_TARGET = 17.5;
				LD_RUNPATH_SEARCH_PATHS = "@executable_path/Frameworks";
				"LD_RUNPATH_SEARCH_PATHS[sdk=macosx*]" = "@executable_path/../Frameworks";
				MACOSX_DEPLOYMENT_TARGET = 14.5;
				MARKETING_VERSION = 1.0;
				PRODUCT_BUNDLE_IDENTIFIER = dev.ionixjunior.TimeConversion;
				PRODUCT_NAME = "$(TARGET_NAME)";
				SDKROOT = auto;
				SUPPORTED_PLATFORMS = "iphoneos iphonesimulator macosx";
				SWIFT_EMIT_LOC_STRINGS = YES;
				SWIFT_VERSION = 5.0;
				TARGETED_DEVICE_FAMILY = "1,2";
			};
			name = Debug;
		};
		7A3A3A702C4B11510030F572 /* Release */ = {
			isa = XCBuildConfiguration;
			buildSettings = {
				ASSETCATALOG_COMPILER_APPICON_NAME = AppIcon;
				ASSETCATALOG_COMPILER_GLOBAL_ACCENT_COLOR_NAME = AccentColor;
				CODE_SIGN_ENTITLEMENTS = TimeConversion/TimeConversion.entitlements;
				CODE_SIGN_STYLE = Automatic;
				CURRENT_PROJECT_VERSION = 1;
				DEVELOPMENT_ASSET_PATHS = "\"TimeConversion/Preview Content\"";
				ENABLE_PREVIEWS = YES;
				GENERATE_INFOPLIST_FILE = YES;
				"INFOPLIST_KEY_UIApplicationSceneManifest_Generation[sdk=iphoneos*]" = YES;
				"INFOPLIST_KEY_UIApplicationSceneManifest_Generation[sdk=iphonesimulator*]" = YES;
				"INFOPLIST_KEY_UIApplicationSupportsIndirectInputEvents[sdk=iphoneos*]" = YES;
				"INFOPLIST_KEY_UIApplicationSupportsIndirectInputEvents[sdk=iphonesimulator*]" = YES;
				"INFOPLIST_KEY_UILaunchScreen_Generation[sdk=iphoneos*]" = YES;
				"INFOPLIST_KEY_UILaunchScreen_Generation[sdk=iphonesimulator*]" = YES;
				"INFOPLIST_KEY_UIStatusBarStyle[sdk=iphoneos*]" = UIStatusBarStyleDefault;
				"INFOPLIST_KEY_UIStatusBarStyle[sdk=iphonesimulator*]" = UIStatusBarStyleDefault;
				INFOPLIST_KEY_UISupportedInterfaceOrientations_iPad = "UIInterfaceOrientationPortrait UIInterfaceOrientationPortraitUpsideDown UIInterfaceOrientationLandscapeLeft UIInterfaceOrientationLandscapeRight";
				INFOPLIST_KEY_UISupportedInterfaceOrientations_iPhone = "UIInterfaceOrientationPortrait UIInterfaceOrientationLandscapeLeft UIInterfaceOrientationLandscapeRight";
				IPHONEOS_DEPLOYMENT_TARGET = 17.5;
				LD_RUNPATH_SEARCH_PATHS = "@executable_path/Frameworks";
				"LD_RUNPATH_SEARCH_PATHS[sdk=macosx*]" = "@executable_path/../Frameworks";
				MACOSX_DEPLOYMENT_TARGET = 14.5;
				MARKETING_VERSION = 1.0;
				PRODUCT_BUNDLE_IDENTIFIER = dev.ionixjunior.TimeConversion;
				PRODUCT_NAME = "$(TARGET_NAME)";
				SDKROOT = auto;
				SUPPORTED_PLATFORMS = "iphoneos iphonesimulator macosx";
				SWIFT_EMIT_LOC_STRINGS = YES;
				SWIFT_VERSION = 5.0;
				TARGETED_DEVICE_FAMILY = "1,2";
			};
			name = Release;
		};
		7A3A3A722C4B11510030F572 /* Debug */ = {
			isa = XCBuildConfiguration;
			buildSettings = {
				ALWAYS_EMBED_SWIFT_STANDARD_LIBRARIES = YES;
				BUNDLE_LOADER = "$(TEST_HOST)";
				CODE_SIGN_STYLE = Automatic;
				CURRENT_PROJECT_VERSION = 1;
				GENERATE_INFOPLIST_FILE = YES;
				IPHONEOS_DEPLOYMENT_TARGET = 17.5;
				MACOSX_DEPLOYMENT_TARGET = 14.5;
				MARKETING_VERSION = 1.0;
				PRODUCT_BUNDLE_IDENTIFIER = dev.ionixjunior.TimeConversionTests;
				PRODUCT_NAME = "$(TARGET_NAME)";
				SDKROOT = auto;
				SUPPORTED_PLATFORMS = "iphoneos iphonesimulator macosx";
				SWIFT_EMIT_LOC_STRINGS = NO;
				SWIFT_VERSION = 5.0;
				TARGETED_DEVICE_FAMILY = "1,2";
				TEST_HOST = "$(BUILT_PRODUCTS_DIR)/TimeConversion.app/$(BUNDLE_EXECUTABLE_FOLDER_PATH)/TimeConversion";
			};
			name = Debug;
		};
		7A3A3A732C4B11510030F572 /* Release */ = {
			isa = XCBuildConfiguration;
			buildSettings = {
				ALWAYS_EMBED_SWIFT_STANDARD_LIBRARIES = YES;
				BUNDLE_LOADER = "$(TEST_HOST)";
				CODE_SIGN_STYLE = Automatic;
				CURRENT_PROJECT_VERSION = 1;
				GENERATE_INFOPLIST_FILE = YES;
				IPHONEOS_DEPLOYMENT_TARGET = 17.5;
				MACOSX_DEPLOYMENT_TARGET = 14.5;
				MARKETING_VERSION = 1.0;
				PRODUCT_BUNDLE_IDENTIFIER = dev.ionixjunior.TimeConversionTests;
				PRODUCT_NAME = "$(TARGET_NAME)";
				SDKROOT = auto;
				SUPPORTED_PLATFORMS = "iphoneos iphonesimulator macosx";
				SWIFT_EMIT_LOC_STRINGS = NO;
				SWIFT_VERSION = 5.0;
				TARGETED_DEVICE_FAMILY = "1,2";
				TEST_HOST = "$(BUILT_PRODUCTS_DIR)/TimeConversion.app/$(BUNDLE_EXECUTABLE_FOLDER_PATH)/TimeConversion";
			};
			name = Release;
		};
		7A3A3A752C4B11510030F572 /* Debug */ = {
			isa = XCBuildConfiguration;
			buildSettings = {
				ALWAYS_EMBED_SWIFT_STANDARD_LIBRARIES = YES;
				CODE_SIGN_STYLE = Automatic;
				CURRENT_PROJECT_VERSION = 1;
				GENERATE_INFOPLIST_FILE = YES;
				IPHONEOS_DEPLOYMENT_TARGET = 17.5;
				MACOSX_DEPLOYMENT_TARGET = 14.5;
				MARKETING_VERSION = 1.0;
				PRODUCT_BUNDLE_IDENTIFIER = dev.ionixjunior.TimeConversionUITests;
				PRODUCT_NAME = "$(TARGET_NAME)";
				SDKROOT = auto;
				SUPPORTED_PLATFORMS = "iphoneos iphonesimulator macosx";
				SWIFT_EMIT_LOC_STRINGS = NO;
				SWIFT_VERSION = 5.0;
				TARGETED_DEVICE_FAMILY = "1,2";
				TEST_TARGET_NAME = TimeConversion;
			};
			name = Debug;
		};
		7A3A3A762C4B11510030F572 /* Release */ = {
			isa = XCBuildConfiguration;
			buildSettings = {
				ALWAYS_EMBED_SWIFT_STANDARD_LIBRARIES = YES;
				CODE_SIGN_STYLE = Automatic;
				CURRENT_PROJECT_VERSION = 1;
				GENERATE_INFOPLIST_FILE = YES;
				IPHONEOS_DEPLOYMENT_TARGET = 17.5;
				MACOSX_DEPLOYMENT_TARGET = 14.5;
				MARKETING_VERSION = 1.0;
				PRODUCT_BUNDLE_IDENTIFIER = dev.ionixjunior.TimeConversionUITests;
				PRODUCT_NAME = "$(TARGET_NAME)";
				SDKROOT = auto;
				SUPPORTED_PLATFORMS = "iphoneos iphonesimulator macosx";
				SWIFT_EMIT_LOC_STRINGS = NO;
				SWIFT_VERSION = 5.0;
				TARGETED_DEVICE_FAMILY = "1,2";
				TEST_TARGET_NAME = TimeConversion;
			};
			name = Release;
		};
/* End XCBuildConfiguration section */

/* Begin XCConfigurationList section */
		7A3A3A442C4B11500030F572 /* Build configuration list for PBXProject "TimeConversion" */ = {
			isa = XCConfigurationList;
			buildConfigurations = (
				7A3A3A6C2C4B11510030F572 /* Debug */,
				7A3A3A6D2C4B11510030F572 /* Release */,
			);
			defaultConfigurationIsVisible = 0;
			defaultConfigurationName = Release;
		};
		7A3A3A6E2C4B11510030F572 /* Build configuration list for PBXNativeTarget "TimeConversion" */ = {
			isa = XCConfigurationList;
			buildConfigurations = (
				7A3A3A6F2C4B11510030F572 /* Debug */,
				7A3A3A702C4B11510030F572 /* Release */,
			);
			defaultConfigurationIsVisible = 0;
			defaultConfigurationName = Release;
		};
		7A3A3A712C4B11510030F572 /* Build configuration list for PBXNativeTarget "TimeConversionTests" */ = {
			isa = XCConfigurationList;
			buildConfigurations = (
				7A3A3A722C4B11510030F572 /* Debug */,
				7A3A3A732C4B11510030F572 /* Release */,
			);
			defaultConfigurationIsVisible = 0;
			defaultConfigurationName = Release;
		};
		7A3A3A742C4B11510030F572 /* Build configuration list for PBXNativeTarget "TimeConversionUITests" */ = {
			isa = XCConfigurationList;
			buildConfigurations = (
				7A3A3A752C4B11510030F572 /* Debug */,
				7A3A3A762C4B11510030F572 /* Release */,
			);
			defaultConfigurationIsVisible = 0;
			defaultConfigurationName = Release;
		};
/* End XCConfigurationList section */
	};
	rootObject = 7A3A3A412C4B11500030F572 /* Project object */;
}
